
Microsoft Visual Studio Solution File, Format Version 12.00
# Visual Studio Version 17
VisualStudioVersion = 17.13.35919.96 d17.13
MinimumVisualStudioVersion = 10.0.40219.1
Project("{FAE04EC0-301F-11D3-BF4B-00C04F79EFBC}") = "SecurityNotepad", "SecurityNotepad\SecurityNotepad.csproj", "{BDBA855E-95D2-4BC1-938E-32DA5835E243}"
EndProject
Global
	GlobalSection(SolutionConfigurationPlatforms) = preSolution
		Debug|Any CPU = Debug|Any CPU
		Release|Any CPU = Release|Any CPU
	EndGlobalSection
	GlobalSection(ProjectConfigurationPlatforms) = postSolution
		{BDBA855E-95D2-4BC1-938E-32DA5835E243}.Debug|Any CPU.ActiveCfg = Debug|Any CPU
		{BDBA855E-95D2-4BC1-938E-32DA5835E243}.Debug|Any CPU.Build.0 = Debug|Any CPU
		{BDBA855E-95D2-4BC1-938E-32DA5835E243}.Release|Any CPU.ActiveCfg = Release|Any CPU
		{BDBA855E-95D2-4BC1-938E-32DA5835E243}.Release|Any CPU.Build.0 = Release|Any CPU
	EndGlobalSection
	GlobalSection(SolutionProperties) = preSolution
		HideSolutionNode = FALSE
	EndGlobalSection
	GlobalSection(ExtensibilityGlobals) = postSolution
		SolutionGuid = {CDC2CCA0-B385-4AB4-8F6F-4F74D6BE35C8}
	EndGlobalSection
EndGlobal
